
Microsoft Visual Studio Solution File, Format Version 12.00
# Visual Studio 15
VisualStudioVersion = 15.0.28307.329
MinimumVisualStudioVersion = 10.0.40219.1
Project("{FAE04EC0-301F-11D3-BF4B-00C04F79EFBC}") = "ClassSchedule", "ClassSchedule\ClassSchedule.csproj", "{B13ED2D2-1409-46F9-982B-F3783ECF8508}"
EndProject
Global
	GlobalSection(SolutionConfigurationPlatforms) = preSolution
		Debug|Any CPU = Debug|Any CPU
		Release|Any CPU = Release|Any CPU
	EndGlobalSection
	GlobalSection(ProjectConfigurationPlatforms) = postSolution
		{B13ED2D2-1409-46F9-982B-F3783ECF8508}.Debug|Any CPU.ActiveCfg = Debug|Any CPU
		{B13ED2D2-1409-46F9-982B-F3783ECF8508}.Debug|Any CPU.Build.0 = Debug|Any CPU
		{B13ED2D2-1409-46F9-982B-F3783ECF8508}.Release|Any CPU.ActiveCfg = Release|Any CPU
		{B13ED2D2-1409-46F9-982B-F3783ECF8508}.Release|Any CPU.Build.0 = Release|Any CPU
	EndGlobalSection
	GlobalSection(SolutionProperties) = preSolution
		HideSolutionNode = FALSE
	EndGlobalSection
	GlobalSection(ExtensibilityGlobals) = postSolution
		SolutionGuid = {2ADE53DF-731B-4CA1-A0A4-927115D1D924}
	EndGlobalSection
EndGlobal
