
Microsoft Visual Studio Solution File, Format Version 12.00
# Visual Studio 15
VisualStudioVersion = 15.0.28307.329
MinimumVisualStudioVersion = 10.0.40219.1
Project("{FAE04EC0-301F-11D3-BF4B-00C04F79EFBC}") = "ClassScheduleGUI", "ClassScheduleGUI\ClassScheduleGUI.csproj", "{B13ED2D2-1409-46F9-982B-F3783ECF8508}"
EndProject
Project("{FAE04EC0-301F-11D3-BF4B-00C04F79EFBC}") = "DeviceControl", "DeviceControl\DeviceControl.csproj", "{957F957C-205D-43AB-9C7C-93CE95BD8859}"
EndProject
Project("{FAE04EC0-301F-11D3-BF4B-00C04F79EFBC}") = "Domain", "Domain\Domain.csproj", "{8968F4A1-E063-4613-BC06-13FB1EE646C2}"
EndProject
Project("{FAE04EC0-301F-11D3-BF4B-00C04F79EFBC}") = "DomainUtils", "DomainUtils\DomainUtils.csproj", "{180DAC23-AFB3-4969-940D-BCF73F8E428B}"
EndProject
Project("{FAE04EC0-301F-11D3-BF4B-00C04F79EFBC}") = "DomainUtilsTests", "DomainUtilsTests\DomainUtilsTests.csproj", "{38ADE49B-19D1-4A37-ABD4-132E2168B867}"
EndProject
Global
	GlobalSection(SolutionConfigurationPlatforms) = preSolution
		Debug|Any CPU = Debug|Any CPU
		Release|Any CPU = Release|Any CPU
	EndGlobalSection
	GlobalSection(ProjectConfigurationPlatforms) = postSolution
		{B13ED2D2-1409-46F9-982B-F3783ECF8508}.Debug|Any CPU.ActiveCfg = Debug|Any CPU
		{B13ED2D2-1409-46F9-982B-F3783ECF8508}.Debug|Any CPU.Build.0 = Debug|Any CPU
		{B13ED2D2-1409-46F9-982B-F3783ECF8508}.Release|Any CPU.ActiveCfg = Release|Any CPU
		{B13ED2D2-1409-46F9-982B-F3783ECF8508}.Release|Any CPU.Build.0 = Release|Any CPU
		{957F957C-205D-43AB-9C7C-93CE95BD8859}.Debug|Any CPU.ActiveCfg = Debug|Any CPU
		{957F957C-205D-43AB-9C7C-93CE95BD8859}.Debug|Any CPU.Build.0 = Debug|Any CPU
		{957F957C-205D-43AB-9C7C-93CE95BD8859}.Release|Any CPU.ActiveCfg = Release|Any CPU
		{957F957C-205D-43AB-9C7C-93CE95BD8859}.Release|Any CPU.Build.0 = Release|Any CPU
		{8968F4A1-E063-4613-BC06-13FB1EE646C2}.Debug|Any CPU.ActiveCfg = Debug|Any CPU
		{8968F4A1-E063-4613-BC06-13FB1EE646C2}.Debug|Any CPU.Build.0 = Debug|Any CPU
		{8968F4A1-E063-4613-BC06-13FB1EE646C2}.Release|Any CPU.ActiveCfg = Release|Any CPU
		{8968F4A1-E063-4613-BC06-13FB1EE646C2}.Release|Any CPU.Build.0 = Release|Any CPU
		{180DAC23-AFB3-4969-940D-BCF73F8E428B}.Debug|Any CPU.ActiveCfg = Debug|Any CPU
		{180DAC23-AFB3-4969-940D-BCF73F8E428B}.Debug|Any CPU.Build.0 = Debug|Any CPU
		{180DAC23-AFB3-4969-940D-BCF73F8E428B}.Release|Any CPU.ActiveCfg = Release|Any CPU
		{180DAC23-AFB3-4969-940D-BCF73F8E428B}.Release|Any CPU.Build.0 = Release|Any CPU
		{38ADE49B-19D1-4A37-ABD4-132E2168B867}.Debug|Any CPU.ActiveCfg = Debug|Any CPU
		{38ADE49B-19D1-4A37-ABD4-132E2168B867}.Debug|Any CPU.Build.0 = Debug|Any CPU
		{38ADE49B-19D1-4A37-ABD4-132E2168B867}.Release|Any CPU.ActiveCfg = Release|Any CPU
		{38ADE49B-19D1-4A37-ABD4-132E2168B867}.Release|Any CPU.Build.0 = Release|Any CPU
	EndGlobalSection
	GlobalSection(SolutionProperties) = preSolution
		HideSolutionNode = FALSE
	EndGlobalSection
	GlobalSection(ExtensibilityGlobals) = postSolution
		SolutionGuid = {2ADE53DF-731B-4CA1-A0A4-927115D1D924}
	EndGlobalSection
EndGlobal
